{
    "format_version": "1.0",
    "terraform_version": "1.1.8",
    "variables": {
        "app_name": {
            "value": "linux-app-service"
        },
        "asp_name": {
            "value": "linux-app-service-plan"
        },
        "location": {
            "value": "West Europe"
        },
        "os_type": {
            "value": "Linux"
        },
        "rg_name": {
            "value": "OPA-POC-RG"
        },
        "sku_name": {
            "value": "P1v2"
        }
    },
    "planned_values": {
        "root_module": {
            "resources": [
                {
                    "address": "azurerm_linux_web_app.linux-app",
                    "mode": "managed",
                    "type": "azurerm_linux_web_app",
                    "name": "linux-app",
                    "provider_name": "registry.terraform.io/hashicorp/azurerm",
                    "schema_version": 0,
                    "values": {
                        "app_settings": null,
                        "backup": [],
                        "client_affinity_enabled": false,
                        "client_certificate_enabled": false,
                        "client_certificate_mode": "Required",
                        "connection_string": [],
                        "enabled": true,
                        "https_only": false,
                        "identity": [],
                        "location": "westeurope",
                        "logs": [],
                        "name": "linux-app-service",
                        "resource_group_name": "OPA-POC-RG",
                        "site_config": [
                            {
                                "always_on": true,
                                "api_definition_url": null,
                                "api_management_api_id": null,
                                "app_command_line": null,
                                "auto_heal_enabled": null,
                                "auto_heal_setting": [],
                                "container_registry_managed_identity_client_id": null,
                                "container_registry_use_managed_identity": false,
                                "cors": [],
                                "ftps_state": "Disabled",
                                "health_check_path": null,
                                "http2_enabled": false,
                                "load_balancing_mode": "LeastRequests",
                                "local_mysql_enabled": false,
                                "managed_pipeline_mode": "Integrated",
                                "minimum_tls_version": "1.2",
                                "remote_debugging_enabled": false,
                                "scm_minimum_tls_version": "1.2",
                                "scm_use_main_ip_restriction": false,
                                "use_32_bit_worker": true,
                                "vnet_route_all_enabled": false,
                                "websockets_enabled": false
                            }
                        ],
                        "storage_account": [],
                        "tags": null,
                        "timeouts": null
                    },
                    "sensitive_values": {
                        "auth_settings": [],
                        "backup": [],
                        "connection_string": [],
                        "identity": [],
                        "logs": [],
                        "outbound_ip_address_list": [],
                        "possible_outbound_ip_address_list": [],
                        "site_config": [
                            {
                                "application_stack": [],
                                "auto_heal_setting": [],
                                "cors": [],
                                "default_documents": [],
                                "ip_restriction": [],
                                "scm_ip_restriction": []
                            }
                        ],
                        "site_credential": [],
                        "storage_account": []
                    }
                },
                {
                    "address": "azurerm_resource_group.rg",
                    "mode": "managed",
                    "type": "azurerm_resource_group",
                    "name": "rg",
                    "provider_name": "registry.terraform.io/hashicorp/azurerm",
                    "schema_version": 0,
                    "values": {
                        "location": "westeurope",
                        "name": "OPA-POC-RG",
                        "tags": null,
                        "timeouts": null
                    },
                    "sensitive_values": {}
                },
                {
                    "address": "azurerm_service_plan.asp",
                    "mode": "managed",
                    "type": "azurerm_service_plan",
                    "name": "asp",
                    "provider_name": "registry.terraform.io/hashicorp/azurerm",
                    "schema_version": 0,
                    "values": {
                        "app_service_environment_id": null,
                        "location": "westeurope",
                        "name": "linux-app-service-plan",
                        "os_type": "Linux",
                        "per_site_scaling_enabled": false,
                        "resource_group_name": "OPA-POC-RG",
                        "sku_name": "P1v2",
                        "tags": null,
                        "timeouts": null,
                        "zone_balancing_enabled": null
                    },
                    "sensitive_values": {}
                }
            ]
        }
    },
    "resource_changes": [
        {
            "address": "azurerm_linux_web_app.linux-app",
            "mode": "managed",
            "type": "azurerm_linux_web_app",
            "name": "linux-app",
            "provider_name": "registry.terraform.io/hashicorp/azurerm",
            "change": {
                "actions": [
                    "create"
                ],
                "before": null,
                "after": {
                    "app_settings": null,
                    "backup": [],
                    "client_affinity_enabled": false,
                    "client_certificate_enabled": false,
                    "client_certificate_mode": "Required",
                    "connection_string": [],
                    "enabled": true,
                    "https_only": false,
                    "identity": [],
                    "location": "westeurope",
                    "logs": [],
                    "name": "linux-app-service",
                    "resource_group_name": "OPA-POC-RG",
                    "site_config": [
                        {
                            "always_on": true,
                            "api_definition_url": null,
                            "api_management_api_id": null,
                            "app_command_line": null,
                            "auto_heal_enabled": null,
                            "auto_heal_setting": [],
                            "container_registry_managed_identity_client_id": null,
                            "container_registry_use_managed_identity": false,
                            "cors": [],
                            "ftps_state": "Disabled",
                            "health_check_path": null,
                            "http2_enabled": false,
                            "load_balancing_mode": "LeastRequests",
                            "local_mysql_enabled": false,
                            "managed_pipeline_mode": "Integrated",
                            "minimum_tls_version": "1.2",
                            "remote_debugging_enabled": false,
                            "scm_minimum_tls_version": "1.2",
                            "scm_use_main_ip_restriction": false,
                            "use_32_bit_worker": true,
                            "vnet_route_all_enabled": false,
                            "websockets_enabled": false
                        }
                    ],
                    "storage_account": [],
                    "tags": null,
                    "timeouts": null
                },
                "after_unknown": {
                    "auth_settings": true,
                    "backup": [],
                    "connection_string": [],
                    "custom_domain_verification_id": true,
                    "default_hostname": true,
                    "id": true,
                    "identity": [],
                    "key_vault_reference_identity_id": true,
                    "kind": true,
                    "logs": [],
                    "outbound_ip_address_list": true,
                    "outbound_ip_addresses": true,
                    "possible_outbound_ip_address_list": true,
                    "possible_outbound_ip_addresses": true,
                    "service_plan_id": true,
                    "site_config": [
                        {
                            "application_stack": true,
                            "auto_heal_setting": [],
                            "cors": [],
                            "default_documents": true,
                            "detailed_error_logging_enabled": true,
                            "health_check_eviction_time_in_min": true,
                            "ip_restriction": true,
                            "linux_fx_version": true,
                            "remote_debugging_version": true,
                            "scm_ip_restriction": true,
                            "scm_type": true,
                            "worker_count": true
                        }
                    ],
                    "site_credential": true,
                    "storage_account": []
                },
                "before_sensitive": false,
                "after_sensitive": {
                    "auth_settings": [],
                    "backup": [],
                    "connection_string": [],
                    "custom_domain_verification_id": true,
                    "identity": [],
                    "logs": [],
                    "outbound_ip_address_list": [],
                    "possible_outbound_ip_address_list": [],
                    "site_config": [
                        {
                            "application_stack": [],
                            "auto_heal_setting": [],
                            "cors": [],
                            "default_documents": [],
                            "ip_restriction": [],
                            "scm_ip_restriction": []
                        }
                    ],
                    "site_credential": [],
                    "storage_account": []
                }
            }
        },
        {
            "address": "azurerm_resource_group.rg",
            "mode": "managed",
            "type": "azurerm_resource_group",
            "name": "rg",
            "provider_name": "registry.terraform.io/hashicorp/azurerm",
            "change": {
                "actions": [
                    "create"
                ],
                "before": null,
                "after": {
                    "location": "westeurope",
                    "name": "OPA-POC-RG",
                    "tags": null,
                    "timeouts": null
                },
                "after_unknown": {
                    "id": true
                },
                "before_sensitive": false,
                "after_sensitive": {}
            }
        },
        {
            "address": "azurerm_service_plan.asp",
            "mode": "managed",
            "type": "azurerm_service_plan",
            "name": "asp",
            "provider_name": "registry.terraform.io/hashicorp/azurerm",
            "change": {
                "actions": [
                    "create"
                ],
                "before": null,
                "after": {
                    "app_service_environment_id": null,
                    "location": "westeurope",
                    "name": "linux-app-service-plan",
                    "os_type": "Linux",
                    "per_site_scaling_enabled": false,
                    "resource_group_name": "OPA-POC-RG",
                    "sku_name": "P1v2",
                    "tags": null,
                    "timeouts": null,
                    "zone_balancing_enabled": null
                },
                "after_unknown": {
                    "id": true,
                    "kind": true,
                    "maximum_elastic_worker_count": true,
                    "reserved": true,
                    "worker_count": true
                },
                "before_sensitive": false,
                "after_sensitive": {}
            }
        }
    ],
    "prior_state": {
        "format_version": "1.0",
        "terraform_version": "1.1.8",
        "values": {
            "root_module": {
                "resources": [
                    {
                        "address": "data.azurerm_client_config.role",
                        "mode": "data",
                        "type": "azurerm_client_config",
                        "name": "role",
                        "provider_name": "registry.terraform.io/hashicorp/azurerm",
                        "schema_version": 0,
                        "values": {
                            "client_id": "04b07795-8ddb-461a-bbee-02f9e1bf7b46",
                            "id": "2022-04-17 10:17:47.186404264 +0000 UTC",
                            "object_id": "d52b74a8-4927-42b7-9344-a97047ab83f7",
                            "subscription_id": "0a9f9402-d628-49c9-b094-58e8b66413a8",
                            "tenant_id": "56cc2917-e38d-42f5-aea2-7d10c675c047",
                            "timeouts": null
                        },
                        "sensitive_values": {}
                    },
                    {
                        "address": "data.azurerm_subscription.primary",
                        "mode": "data",
                        "type": "azurerm_subscription",
                        "name": "primary",
                        "provider_name": "registry.terraform.io/hashicorp/azurerm",
                        "schema_version": 0,
                        "values": {
                            "display_name": "Betalt efter forbrug",
                            "id": "/subscriptions/0a9f9402-d628-49c9-b094-58e8b66413a8",
                            "location_placement_id": "Public_2014-09-01",
                            "quota_id": "PayAsYouGo_2014-09-01",
                            "spending_limit": "Off",
                            "state": "Enabled",
                            "subscription_id": "0a9f9402-d628-49c9-b094-58e8b66413a8",
                            "tags": {},
                            "tenant_id": "56cc2917-e38d-42f5-aea2-7d10c675c047",
                            "timeouts": null
                        },
                        "sensitive_values": {
                            "tags": {}
                        }
                    }
                ]
            }
        }
    },
    "configuration": {
        "provider_config": {
            "azurerm": {
                "name": "azurerm",
                "version_constraint": "~\u003e 3.0",
                "expressions": {
                    "features": [
                        {}
                    ]
                }
            }
        },
        "root_module": {
            "resources": [
                {
                    "address": "azurerm_linux_web_app.linux-app",
                    "mode": "managed",
                    "type": "azurerm_linux_web_app",
                    "name": "linux-app",
                    "provider_config_key": "azurerm",
                    "expressions": {
                        "location": {
                            "references": [
                                "azurerm_service_plan.asp.location",
                                "azurerm_service_plan.asp"
                            ]
                        },
                        "name": {
                            "references": [
                                "var.app_name"
                            ]
                        },
                        "resource_group_name": {
                            "references": [
                                "azurerm_resource_group.rg.name",
                                "azurerm_resource_group.rg"
                            ]
                        },
                        "service_plan_id": {
                            "references": [
                                "azurerm_service_plan.asp.id",
                                "azurerm_service_plan.asp"
                            ]
                        },
                        "site_config": [
                            {}
                        ]
                    },
                    "schema_version": 0
                },
                {
                    "address": "azurerm_resource_group.rg",
                    "mode": "managed",
                    "type": "azurerm_resource_group",
                    "name": "rg",
                    "provider_config_key": "azurerm",
                    "expressions": {
                        "location": {
                            "references": [
                                "var.location"
                            ]
                        },
                        "name": {
                            "references": [
                                "var.rg_name"
                            ]
                        }
                    },
                    "schema_version": 0
                },
                {
                    "address": "azurerm_service_plan.asp",
                    "mode": "managed",
                    "type": "azurerm_service_plan",
                    "name": "asp",
                    "provider_config_key": "azurerm",
                    "expressions": {
                        "location": {
                            "references": [
                                "var.location"
                            ]
                        },
                        "name": {
                            "references": [
                                "var.asp_name"
                            ]
                        },
                        "os_type": {
                            "references": [
                                "var.os_type"
                            ]
                        },
                        "resource_group_name": {
                            "references": [
                                "azurerm_resource_group.rg.name",
                                "azurerm_resource_group.rg"
                            ]
                        },
                        "sku_name": {
                            "references": [
                                "var.sku_name"
                            ]
                        }
                    },
                    "schema_version": 0
                },
                {
                    "address": "data.azurerm_client_config.role",
                    "mode": "data",
                    "type": "azurerm_client_config",
                    "name": "role",
                    "provider_config_key": "azurerm",
                    "schema_version": 0
                },
                {
                    "address": "data.azurerm_subscription.primary",
                    "mode": "data",
                    "type": "azurerm_subscription",
                    "name": "primary",
                    "provider_config_key": "azurerm",
                    "schema_version": 0
                }
            ],
            "variables": {
                "app_name": {
                    "description": "The name of the app service"
                },
                "asp_name": {
                    "description": "The name of the app service plan"
                },
                "location": {
                    "description": "Location of a resource"
                },
                "os_type": {
                    "description": "The type of os defined in your app service plan"
                },
                "rg_name": {
                    "description": "The name of the resource group"
                },
                "sku_name": {
                    "description": "The type of os defined in your app service plan"
                }
            }
        }
    }
}